
Microsoft Visual Studio Solution File, Format Version 12.00
# Visual Studio Version 17
VisualStudioVersion = 17.4.33205.214
MinimumVisualStudioVersion = 10.0.40219.1
Project("{FAE04EC0-301F-11D3-BF4B-00C04F79EFBC}") = "Toolkit.Data", "Toolkit.Data\Toolkit.Data.csproj", "{85F03733-48F8-471E-A9DF-06E132110D60}"
EndProject
Project("{FAE04EC0-301F-11D3-BF4B-00C04F79EFBC}") = "DataTester", "DataTester\DataTester.csproj", "{034BE41D-D005-4B9D-B7E9-549C7668372F}"
EndProject
Project("{FAE04EC0-301F-11D3-BF4B-00C04F79EFBC}") = "Toolkit.Model", "Toolkit.Model\Toolkit.Model.csproj", "{E6ACF496-8CBB-4603-AF6C-0AE3CB2178D1}"
EndProject
Project("{2150E333-8FDC-42A3-9474-1A3956D46DE8}") = "Solution Items", "Solution Items", "{B2EC4237-52ED-4FD8-8F65-1EAE94ABD4E9}"
	ProjectSection(SolutionItems) = preProject
		.editorconfig = .editorconfig
	EndProjectSection
EndProject
Global
	GlobalSection(SolutionConfigurationPlatforms) = preSolution
		Debug|Any CPU = Debug|Any CPU
		Release|Any CPU = Release|Any CPU
	EndGlobalSection
	GlobalSection(ProjectConfigurationPlatforms) = postSolution
		{85F03733-48F8-471E-A9DF-06E132110D60}.Debug|Any CPU.ActiveCfg = Debug|Any CPU
		{85F03733-48F8-471E-A9DF-06E132110D60}.Debug|Any CPU.Build.0 = Debug|Any CPU
		{85F03733-48F8-471E-A9DF-06E132110D60}.Release|Any CPU.ActiveCfg = Release|Any CPU
		{85F03733-48F8-471E-A9DF-06E132110D60}.Release|Any CPU.Build.0 = Release|Any CPU
		{034BE41D-D005-4B9D-B7E9-549C7668372F}.Debug|Any CPU.ActiveCfg = Debug|Any CPU
		{034BE41D-D005-4B9D-B7E9-549C7668372F}.Debug|Any CPU.Build.0 = Debug|Any CPU
		{034BE41D-D005-4B9D-B7E9-549C7668372F}.Release|Any CPU.ActiveCfg = Release|Any CPU
		{034BE41D-D005-4B9D-B7E9-549C7668372F}.Release|Any CPU.Build.0 = Release|Any CPU
		{E6ACF496-8CBB-4603-AF6C-0AE3CB2178D1}.Debug|Any CPU.ActiveCfg = Debug|Any CPU
		{E6ACF496-8CBB-4603-AF6C-0AE3CB2178D1}.Debug|Any CPU.Build.0 = Debug|Any CPU
		{E6ACF496-8CBB-4603-AF6C-0AE3CB2178D1}.Release|Any CPU.ActiveCfg = Release|Any CPU
		{E6ACF496-8CBB-4603-AF6C-0AE3CB2178D1}.Release|Any CPU.Build.0 = Release|Any CPU
	EndGlobalSection
	GlobalSection(SolutionProperties) = preSolution
		HideSolutionNode = FALSE
	EndGlobalSection
	GlobalSection(ExtensibilityGlobals) = postSolution
		SolutionGuid = {9EDD3F0A-E5EE-4CCF-B77B-5A4F0E90AD6D}
	EndGlobalSection
EndGlobal
